
Microsoft Visual Studio Solution File, Format Version 12.00
# Visual Studio Version 16
VisualStudioVersion = 16.0.33927.289
MinimumVisualStudioVersion = 10.0.40219.1
Project("{FAE04EC0-301F-11D3-BF4B-00C04F79EFBC}") = "TurismoReal.Negocio", "TurismoReal.Negocio\TurismoReal.Negocio.csproj", "{82FC997D-32E3-4021-AF7B-D38210A886E0}"
EndProject
Project("{FAE04EC0-301F-11D3-BF4B-00C04F79EFBC}") = "TurismoReal.Datos", "TurismoReal.Datos\TurismoReal.Datos.csproj", "{0AC87E45-07CA-46DF-BF44-AF3CF8C54FA6}"
EndProject
Project("{FAE04EC0-301F-11D3-BF4B-00C04F79EFBC}") = "TurismoReal.Entidades", "TurismoReal.Entidades\TurismoReal.Entidades.csproj", "{C0F144D5-31A9-4156-8D34-F26D76FE2A0E}"
EndProject
Project("{FAE04EC0-301F-11D3-BF4B-00C04F79EFBC}") = "TurismoReal.Presentacion", "TurismoReal.Presentacion\TurismoReal.Presentacion.csproj", "{78C0D4CD-A285-4C0E-BBA8-3152060371EC}"
EndProject
Global
	GlobalSection(SolutionConfigurationPlatforms) = preSolution
		Debug|Any CPU = Debug|Any CPU
		Release|Any CPU = Release|Any CPU
	EndGlobalSection
	GlobalSection(ProjectConfigurationPlatforms) = postSolution
		{82FC997D-32E3-4021-AF7B-D38210A886E0}.Debug|Any CPU.ActiveCfg = Debug|Any CPU
		{82FC997D-32E3-4021-AF7B-D38210A886E0}.Debug|Any CPU.Build.0 = Debug|Any CPU
		{82FC997D-32E3-4021-AF7B-D38210A886E0}.Release|Any CPU.ActiveCfg = Release|Any CPU
		{82FC997D-32E3-4021-AF7B-D38210A886E0}.Release|Any CPU.Build.0 = Release|Any CPU
		{0AC87E45-07CA-46DF-BF44-AF3CF8C54FA6}.Debug|Any CPU.ActiveCfg = Debug|Any CPU
		{0AC87E45-07CA-46DF-BF44-AF3CF8C54FA6}.Debug|Any CPU.Build.0 = Debug|Any CPU
		{0AC87E45-07CA-46DF-BF44-AF3CF8C54FA6}.Release|Any CPU.ActiveCfg = Release|Any CPU
		{0AC87E45-07CA-46DF-BF44-AF3CF8C54FA6}.Release|Any CPU.Build.0 = Release|Any CPU
		{C0F144D5-31A9-4156-8D34-F26D76FE2A0E}.Debug|Any CPU.ActiveCfg = Debug|Any CPU
		{C0F144D5-31A9-4156-8D34-F26D76FE2A0E}.Debug|Any CPU.Build.0 = Debug|Any CPU
		{C0F144D5-31A9-4156-8D34-F26D76FE2A0E}.Release|Any CPU.ActiveCfg = Release|Any CPU
		{C0F144D5-31A9-4156-8D34-F26D76FE2A0E}.Release|Any CPU.Build.0 = Release|Any CPU
		{78C0D4CD-A285-4C0E-BBA8-3152060371EC}.Debug|Any CPU.ActiveCfg = Debug|Any CPU
		{78C0D4CD-A285-4C0E-BBA8-3152060371EC}.Debug|Any CPU.Build.0 = Debug|Any CPU
		{78C0D4CD-A285-4C0E-BBA8-3152060371EC}.Release|Any CPU.ActiveCfg = Release|Any CPU
		{78C0D4CD-A285-4C0E-BBA8-3152060371EC}.Release|Any CPU.Build.0 = Release|Any CPU
	EndGlobalSection
	GlobalSection(SolutionProperties) = preSolution
		HideSolutionNode = FALSE
	EndGlobalSection
	GlobalSection(ExtensibilityGlobals) = postSolution
		SolutionGuid = {C8239A23-DF16-4FAD-BA61-7F36AB91173C}
	EndGlobalSection
EndGlobal
